
Microsoft Visual Studio Solution File, Format Version 12.00
# Visual Studio 15
VisualStudioVersion = 15.0.28307.136
MinimumVisualStudioVersion = 10.0.40219.1
Project("{FAE04EC0-301F-11D3-BF4B-00C04F79EFBC}") = "BtvEpgGrabber", "BtvEpgGrabber\BtvEpgGrabber.csproj", "{01D8EF6C-C096-4B12-A6EC-63A203FE41C3}"
EndProject
Global
	GlobalSection(SolutionConfigurationPlatforms) = preSolution
		Debug|Any CPU = Debug|Any CPU
		Release|Any CPU = Release|Any CPU
	EndGlobalSection
	GlobalSection(ProjectConfigurationPlatforms) = postSolution
		{01D8EF6C-C096-4B12-A6EC-63A203FE41C3}.Debug|Any CPU.ActiveCfg = Debug|Any CPU
		{01D8EF6C-C096-4B12-A6EC-63A203FE41C3}.Debug|Any CPU.Build.0 = Debug|Any CPU
		{01D8EF6C-C096-4B12-A6EC-63A203FE41C3}.Release|Any CPU.ActiveCfg = Release|Any CPU
		{01D8EF6C-C096-4B12-A6EC-63A203FE41C3}.Release|Any CPU.Build.0 = Release|Any CPU
	EndGlobalSection
	GlobalSection(SolutionProperties) = preSolution
		HideSolutionNode = FALSE
	EndGlobalSection
	GlobalSection(ExtensibilityGlobals) = postSolution
		SolutionGuid = {88F02CBD-D242-477A-87E7-48E0838B4A62}
	EndGlobalSection
EndGlobal
